
Microsoft Visual Studio Solution File, Format Version 12.00
Project("{FAE04EC0-301F-11D3-BF4B-00C04F79EFBC}") = "SnakeFrogCalendarBot.Worker", "src\SnakeFrogCalendarBot.Worker\SnakeFrogCalendarBot.Worker.csproj", "{BEF42442-1A2B-43C8-B72E-937054857287}"
EndProject
Project("{2150E333-8FDC-42A3-9474-1A3956D46DE8}") = "tests", "tests", "{0DDD0045-4C1C-45DE-895D-EA5707787A9D}"
EndProject
Project("{2150E333-8FDC-42A3-9474-1A3956D46DE8}") = "src", "src", "{72230E9F-274F-43A1-861A-DD0CBAD841C5}"
EndProject
Project("{FAE04EC0-301F-11D3-BF4B-00C04F79EFBC}") = "SnakeFrogCalendarBot.Tests", "tests\SnakeFrogCalendarBot.Tests\SnakeFrogCalendarBot.Tests.csproj", "{FDD80357-4432-4FE7-83D1-A0B7DFB6D31E}"
EndProject
Project("{FAE04EC0-301F-11D3-BF4B-00C04F79EFBC}") = "SnakeFrogCalendarBot.Infrastructure", "src\SnakeFrogCalendarBot.Infrastructure\SnakeFrogCalendarBot.Infrastructure.csproj", "{22810FA6-E32A-4CA4-8E0E-E721DB91B891}"
EndProject
Project("{FAE04EC0-301F-11D3-BF4B-00C04F79EFBC}") = "SnakeFrogCalendarBot.Application", "src\SnakeFrogCalendarBot.Application\SnakeFrogCalendarBot.Application.csproj", "{800F01F3-D7E2-481F-9310-8077CA337602}"
EndProject
Project("{FAE04EC0-301F-11D3-BF4B-00C04F79EFBC}") = "SnakeFrogCalendarBot.Domain", "src\SnakeFrogCalendarBot.Domain\SnakeFrogCalendarBot.Domain.csproj", "{8D909005-EBBE-4B23-908B-0567CD3B6AA6}"
EndProject
Global
	GlobalSection(SolutionConfigurationPlatforms) = preSolution
		Debug|Any CPU = Debug|Any CPU
		Debug|x64 = Debug|x64
		Debug|x86 = Debug|x86
		Release|Any CPU = Release|Any CPU
		Release|x64 = Release|x64
		Release|x86 = Release|x86
	EndGlobalSection
	GlobalSection(ProjectConfigurationPlatforms) = postSolution
		{BEF42442-1A2B-43C8-B72E-937054857287}.Debug|Any CPU.ActiveCfg = Debug|Any CPU
		{BEF42442-1A2B-43C8-B72E-937054857287}.Debug|Any CPU.Build.0 = Debug|Any CPU
		{BEF42442-1A2B-43C8-B72E-937054857287}.Debug|x64.ActiveCfg = Debug|Any CPU
		{BEF42442-1A2B-43C8-B72E-937054857287}.Debug|x64.Build.0 = Debug|Any CPU
		{BEF42442-1A2B-43C8-B72E-937054857287}.Debug|x86.ActiveCfg = Debug|Any CPU
		{BEF42442-1A2B-43C8-B72E-937054857287}.Debug|x86.Build.0 = Debug|Any CPU
		{BEF42442-1A2B-43C8-B72E-937054857287}.Release|Any CPU.ActiveCfg = Release|Any CPU
		{BEF42442-1A2B-43C8-B72E-937054857287}.Release|Any CPU.Build.0 = Release|Any CPU
		{BEF42442-1A2B-43C8-B72E-937054857287}.Release|x64.ActiveCfg = Release|Any CPU
		{BEF42442-1A2B-43C8-B72E-937054857287}.Release|x64.Build.0 = Release|Any CPU
		{BEF42442-1A2B-43C8-B72E-937054857287}.Release|x86.ActiveCfg = Release|Any CPU
		{BEF42442-1A2B-43C8-B72E-937054857287}.Release|x86.Build.0 = Release|Any CPU
		{FDD80357-4432-4FE7-83D1-A0B7DFB6D31E}.Debug|Any CPU.ActiveCfg = Debug|Any CPU
		{FDD80357-4432-4FE7-83D1-A0B7DFB6D31E}.Debug|Any CPU.Build.0 = Debug|Any CPU
		{FDD80357-4432-4FE7-83D1-A0B7DFB6D31E}.Debug|x64.ActiveCfg = Debug|Any CPU
		{FDD80357-4432-4FE7-83D1-A0B7DFB6D31E}.Debug|x64.Build.0 = Debug|Any CPU
		{FDD80357-4432-4FE7-83D1-A0B7DFB6D31E}.Debug|x86.ActiveCfg = Debug|Any CPU
		{FDD80357-4432-4FE7-83D1-A0B7DFB6D31E}.Debug|x86.Build.0 = Debug|Any CPU
		{FDD80357-4432-4FE7-83D1-A0B7DFB6D31E}.Release|Any CPU.ActiveCfg = Release|Any CPU
		{FDD80357-4432-4FE7-83D1-A0B7DFB6D31E}.Release|Any CPU.Build.0 = Release|Any CPU
		{FDD80357-4432-4FE7-83D1-A0B7DFB6D31E}.Release|x64.ActiveCfg = Release|Any CPU
		{FDD80357-4432-4FE7-83D1-A0B7DFB6D31E}.Release|x64.Build.0 = Release|Any CPU
		{FDD80357-4432-4FE7-83D1-A0B7DFB6D31E}.Release|x86.ActiveCfg = Release|Any CPU
		{FDD80357-4432-4FE7-83D1-A0B7DFB6D31E}.Release|x86.Build.0 = Release|Any CPU
		{22810FA6-E32A-4CA4-8E0E-E721DB91B891}.Debug|Any CPU.ActiveCfg = Debug|Any CPU
		{22810FA6-E32A-4CA4-8E0E-E721DB91B891}.Debug|Any CPU.Build.0 = Debug|Any CPU
		{22810FA6-E32A-4CA4-8E0E-E721DB91B891}.Debug|x64.ActiveCfg = Debug|Any CPU
		{22810FA6-E32A-4CA4-8E0E-E721DB91B891}.Debug|x64.Build.0 = Debug|Any CPU
		{22810FA6-E32A-4CA4-8E0E-E721DB91B891}.Debug|x86.ActiveCfg = Debug|Any CPU
		{22810FA6-E32A-4CA4-8E0E-E721DB91B891}.Debug|x86.Build.0 = Debug|Any CPU
		{22810FA6-E32A-4CA4-8E0E-E721DB91B891}.Release|Any CPU.ActiveCfg = Release|Any CPU
		{22810FA6-E32A-4CA4-8E0E-E721DB91B891}.Release|Any CPU.Build.0 = Release|Any CPU
		{22810FA6-E32A-4CA4-8E0E-E721DB91B891}.Release|x64.ActiveCfg = Release|Any CPU
		{22810FA6-E32A-4CA4-8E0E-E721DB91B891}.Release|x64.Build.0 = Release|Any CPU
		{22810FA6-E32A-4CA4-8E0E-E721DB91B891}.Release|x86.ActiveCfg = Release|Any CPU
		{22810FA6-E32A-4CA4-8E0E-E721DB91B891}.Release|x86.Build.0 = Release|Any CPU
		{800F01F3-D7E2-481F-9310-8077CA337602}.Debug|Any CPU.ActiveCfg = Debug|Any CPU
		{800F01F3-D7E2-481F-9310-8077CA337602}.Debug|Any CPU.Build.0 = Debug|Any CPU
		{800F01F3-D7E2-481F-9310-8077CA337602}.Debug|x64.ActiveCfg = Debug|Any CPU
		{800F01F3-D7E2-481F-9310-8077CA337602}.Debug|x64.Build.0 = Debug|Any CPU
		{800F01F3-D7E2-481F-9310-8077CA337602}.Debug|x86.ActiveCfg = Debug|Any CPU
		{800F01F3-D7E2-481F-9310-8077CA337602}.Debug|x86.Build.0 = Debug|Any CPU
		{800F01F3-D7E2-481F-9310-8077CA337602}.Release|Any CPU.ActiveCfg = Release|Any CPU
		{800F01F3-D7E2-481F-9310-8077CA337602}.Release|Any CPU.Build.0 = Release|Any CPU
		{800F01F3-D7E2-481F-9310-8077CA337602}.Release|x64.ActiveCfg = Release|Any CPU
		{800F01F3-D7E2-481F-9310-8077CA337602}.Release|x64.Build.0 = Release|Any CPU
		{800F01F3-D7E2-481F-9310-8077CA337602}.Release|x86.ActiveCfg = Release|Any CPU
		{800F01F3-D7E2-481F-9310-8077CA337602}.Release|x86.Build.0 = Release|Any CPU
		{8D909005-EBBE-4B23-908B-0567CD3B6AA6}.Debug|Any CPU.ActiveCfg = Debug|Any CPU
		{8D909005-EBBE-4B23-908B-0567CD3B6AA6}.Debug|Any CPU.Build.0 = Debug|Any CPU
		{8D909005-EBBE-4B23-908B-0567CD3B6AA6}.Debug|x64.ActiveCfg = Debug|Any CPU
		{8D909005-EBBE-4B23-908B-0567CD3B6AA6}.Debug|x64.Build.0 = Debug|Any CPU
		{8D909005-EBBE-4B23-908B-0567CD3B6AA6}.Debug|x86.ActiveCfg = Debug|Any CPU
		{8D909005-EBBE-4B23-908B-0567CD3B6AA6}.Debug|x86.Build.0 = Debug|Any CPU
		{8D909005-EBBE-4B23-908B-0567CD3B6AA6}.Release|Any CPU.ActiveCfg = Release|Any CPU
		{8D909005-EBBE-4B23-908B-0567CD3B6AA6}.Release|Any CPU.Build.0 = Release|Any CPU
		{8D909005-EBBE-4B23-908B-0567CD3B6AA6}.Release|x64.ActiveCfg = Release|Any CPU
		{8D909005-EBBE-4B23-908B-0567CD3B6AA6}.Release|x64.Build.0 = Release|Any CPU
		{8D909005-EBBE-4B23-908B-0567CD3B6AA6}.Release|x86.ActiveCfg = Release|Any CPU
		{8D909005-EBBE-4B23-908B-0567CD3B6AA6}.Release|x86.Build.0 = Release|Any CPU
	EndGlobalSection
	GlobalSection(SolutionProperties) = preSolution
		HideSolutionNode = FALSE
	EndGlobalSection
	GlobalSection(NestedProjects) = preSolution
		{BEF42442-1A2B-43C8-B72E-937054857287} = {72230E9F-274F-43A1-861A-DD0CBAD841C5}
		{FDD80357-4432-4FE7-83D1-A0B7DFB6D31E} = {0DDD0045-4C1C-45DE-895D-EA5707787A9D}
		{22810FA6-E32A-4CA4-8E0E-E721DB91B891} = {72230E9F-274F-43A1-861A-DD0CBAD841C5}
		{800F01F3-D7E2-481F-9310-8077CA337602} = {72230E9F-274F-43A1-861A-DD0CBAD841C5}
		{8D909005-EBBE-4B23-908B-0567CD3B6AA6} = {72230E9F-274F-43A1-861A-DD0CBAD841C5}
	EndGlobalSection
EndGlobal
