
Microsoft Visual Studio Solution File, Format Version 12.00
Project("{FAE04EC0-301F-11D3-BF4B-00C04F79EFBC}") = "SnakeFrogCalendarBot.Worker", "SnakeFrogCalendarBot.Worker\SnakeFrogCalendarBot.Worker.csproj", "{BEF42442-1A2B-43C8-B72E-937054857287}"
EndProject
Project("{2150E333-8FDC-42A3-9474-1A3956D46DE8}") = "tests", "tests", "{0DDD0045-4C1C-45DE-895D-EA5707787A9D}"
EndProject
Project("{2150E333-8FDC-42A3-9474-1A3956D46DE8}") = "src", "src", "{72230E9F-274F-43A1-861A-DD0CBAD841C5}"
EndProject
Project("{FAE04EC0-301F-11D3-BF4B-00C04F79EFBC}") = "SnakeFrogCalendarBot.Tests", "SnakeFrogCalendarBot.Tests\SnakeFrogCalendarBot.Tests.csproj", "{FDD80357-4432-4FE7-83D1-A0B7DFB6D31E}"
EndProject
Global
	GlobalSection(SolutionConfigurationPlatforms) = preSolution
		Debug|Any CPU = Debug|Any CPU
		Release|Any CPU = Release|Any CPU
	EndGlobalSection
	GlobalSection(ProjectConfigurationPlatforms) = postSolution
		{BEF42442-1A2B-43C8-B72E-937054857287}.Debug|Any CPU.ActiveCfg = Debug|Any CPU
		{BEF42442-1A2B-43C8-B72E-937054857287}.Debug|Any CPU.Build.0 = Debug|Any CPU
		{BEF42442-1A2B-43C8-B72E-937054857287}.Release|Any CPU.ActiveCfg = Release|Any CPU
		{BEF42442-1A2B-43C8-B72E-937054857287}.Release|Any CPU.Build.0 = Release|Any CPU
		{FDD80357-4432-4FE7-83D1-A0B7DFB6D31E}.Debug|Any CPU.ActiveCfg = Debug|Any CPU
		{FDD80357-4432-4FE7-83D1-A0B7DFB6D31E}.Debug|Any CPU.Build.0 = Debug|Any CPU
		{FDD80357-4432-4FE7-83D1-A0B7DFB6D31E}.Release|Any CPU.ActiveCfg = Release|Any CPU
		{FDD80357-4432-4FE7-83D1-A0B7DFB6D31E}.Release|Any CPU.Build.0 = Release|Any CPU
	EndGlobalSection
	GlobalSection(NestedProjects) = preSolution
		{BEF42442-1A2B-43C8-B72E-937054857287} = {72230E9F-274F-43A1-861A-DD0CBAD841C5}
		{FDD80357-4432-4FE7-83D1-A0B7DFB6D31E} = {0DDD0045-4C1C-45DE-895D-EA5707787A9D}
	EndGlobalSection
EndGlobal
