
Microsoft Visual Studio Solution File, Format Version 12.00
Project("{FAE04EC0-301F-11D3-BF4B-00C04F79EFBC}") = "SnakeFrogCalendarBot.Worker", "SnakeFrogCalendarBot.Worker\SnakeFrogCalendarBot.Worker.csproj", "{BEF42442-1A2B-43C8-B72E-937054857287}"
EndProject
Global
	GlobalSection(SolutionConfigurationPlatforms) = preSolution
		Debug|Any CPU = Debug|Any CPU
		Release|Any CPU = Release|Any CPU
	EndGlobalSection
	GlobalSection(ProjectConfigurationPlatforms) = postSolution
		{BEF42442-1A2B-43C8-B72E-937054857287}.Debug|Any CPU.ActiveCfg = Debug|Any CPU
		{BEF42442-1A2B-43C8-B72E-937054857287}.Debug|Any CPU.Build.0 = Debug|Any CPU
		{BEF42442-1A2B-43C8-B72E-937054857287}.Release|Any CPU.ActiveCfg = Release|Any CPU
		{BEF42442-1A2B-43C8-B72E-937054857287}.Release|Any CPU.Build.0 = Release|Any CPU
	EndGlobalSection
EndGlobal
